
Microsoft Visual Studio Solution File, Format Version 12.00
# Visual Studio Version 17
VisualStudioVersion = 17.14.36310.24 d17.14
MinimumVisualStudioVersion = 10.0.40219.1
Project("{FAE04EC0-301F-11D3-BF4B-00C04F79EFBC}") = "ScheduleTelegramBot", "ScheduleTelegramBot.csproj", "{5791167A-1162-3194-D4BA-DD1277AFCF98}"
EndProject
Global
	GlobalSection(SolutionConfigurationPlatforms) = preSolution
		Debug|Any CPU = Debug|Any CPU
		Release|Any CPU = Release|Any CPU
	EndGlobalSection
	GlobalSection(ProjectConfigurationPlatforms) = postSolution
		{5791167A-1162-3194-D4BA-DD1277AFCF98}.Debug|Any CPU.ActiveCfg = Debug|Any CPU
		{5791167A-1162-3194-D4BA-DD1277AFCF98}.Debug|Any CPU.Build.0 = Debug|Any CPU
		{5791167A-1162-3194-D4BA-DD1277AFCF98}.Release|Any CPU.ActiveCfg = Release|Any CPU
		{5791167A-1162-3194-D4BA-DD1277AFCF98}.Release|Any CPU.Build.0 = Release|Any CPU
	EndGlobalSection
	GlobalSection(SolutionProperties) = preSolution
		HideSolutionNode = FALSE
	EndGlobalSection
	GlobalSection(ExtensibilityGlobals) = postSolution
		SolutionGuid = {41BED08C-C252-489B-968B-E2B7D9CDDAA0}
	EndGlobalSection
EndGlobal
